
Microsoft Visual Studio Solution File, Format Version 12.00
# Visual Studio Version 16
VisualStudioVersion = 16.0.30621.155
MinimumVisualStudioVersion = 10.0.40219.1
Project("{FAE04EC0-301F-11D3-BF4B-00C04F79EFBC}") = "JsonHashing.WebApi", "JsonHashing.WebApi\JsonHashing.WebApi.csproj", "{D79196D5-B46D-4CC7-A5C0-F27512EBEEAE}"
EndProject
Project("{FAE04EC0-301F-11D3-BF4B-00C04F79EFBC}") = "JsonHashing.Handlers", "JsonHashing.Handlers\JsonHashing.Handlers.csproj", "{96583CEF-773B-4583-8945-25C34B4E8900}"
EndProject
Global
	GlobalSection(SolutionConfigurationPlatforms) = preSolution
		Debug|Any CPU = Debug|Any CPU
		Release|Any CPU = Release|Any CPU
	EndGlobalSection
	GlobalSection(ProjectConfigurationPlatforms) = postSolution
		{D79196D5-B46D-4CC7-A5C0-F27512EBEEAE}.Debug|Any CPU.ActiveCfg = Debug|Any CPU
		{D79196D5-B46D-4CC7-A5C0-F27512EBEEAE}.Debug|Any CPU.Build.0 = Debug|Any CPU
		{D79196D5-B46D-4CC7-A5C0-F27512EBEEAE}.Release|Any CPU.ActiveCfg = Release|Any CPU
		{D79196D5-B46D-4CC7-A5C0-F27512EBEEAE}.Release|Any CPU.Build.0 = Release|Any CPU
		{96583CEF-773B-4583-8945-25C34B4E8900}.Debug|Any CPU.ActiveCfg = Debug|Any CPU
		{96583CEF-773B-4583-8945-25C34B4E8900}.Debug|Any CPU.Build.0 = Debug|Any CPU
		{96583CEF-773B-4583-8945-25C34B4E8900}.Release|Any CPU.ActiveCfg = Release|Any CPU
		{96583CEF-773B-4583-8945-25C34B4E8900}.Release|Any CPU.Build.0 = Release|Any CPU
	EndGlobalSection
	GlobalSection(SolutionProperties) = preSolution
		HideSolutionNode = FALSE
	EndGlobalSection
	GlobalSection(ExtensibilityGlobals) = postSolution
		SolutionGuid = {CB09E990-122D-4144-85B0-C19A24760FE5}
	EndGlobalSection
EndGlobal
